{
  "lockfileVersion": 1,
  "configVersion": 1,
  "workspaces": {
    "": {
      "name": "boppi",
      "dependencies": {
        "@strudel/web": "1.0.3",
        "convex": "^1.42.1",
        "next": "14.2.5",
        "react": "18.3.1",
        "react-dom": "18.3.1",
      },
      "devDependencies": {
        "@types/node": "20.14.12",
        "@types/react": "18.3.3",
        "@types/react-dom": "18.3.0",
        "typescript": "5.5.4",
      },
    },
  },
  "packages": {
    "@babel/runtime": ["@babel/runtime@7.29.7", "", {}, "sha512-Nq8OhGWiZIZGV6hLHoyAKLLcJihP/xFeBMGJoUrxTX2psI8dCifzLhZISFb+VWS3wFMRDmCGw5R+dOySCqPLhw=="],

    "@esbuild/aix-ppc64": ["@esbuild/aix-ppc64@0.27.0", "", { "os": "aix", "cpu": "ppc64" }, "sha512-KuZrd2hRjz01y5JK9mEBSD3Vj3mbCvemhT466rSuJYeE/hjuBrHfjjcjMdTm/sz7au+++sdbJZJmuBwQLuw68A=="],

    "@esbuild/android-arm": ["@esbuild/android-arm@0.27.0", "", { "os": "android", "cpu": "arm" }, "sha512-j67aezrPNYWJEOHUNLPj9maeJte7uSMM6gMoxfPC9hOg8N02JuQi/T7ewumf4tNvJadFkvLZMlAq73b9uwdMyQ=="],

    "@esbuild/android-arm64": ["@esbuild/android-arm64@0.27.0", "", { "os": "android", "cpu": "arm64" }, "sha512-CC3vt4+1xZrs97/PKDkl0yN7w8edvU2vZvAFGD16n9F0Cvniy5qvzRXjfO1l94efczkkQE6g1x0i73Qf5uthOQ=="],

    "@esbuild/android-x64": ["@esbuild/android-x64@0.27.0", "", { "os": "android", "cpu": "x64" }, "sha512-wurMkF1nmQajBO1+0CJmcN17U4BP6GqNSROP8t0X/Jiw2ltYGLHpEksp9MpoBqkrFR3kv2/te6Sha26k3+yZ9Q=="],

    "@esbuild/darwin-arm64": ["@esbuild/darwin-arm64@0.27.0", "", { "os": "darwin", "cpu": "arm64" }, "sha512-uJOQKYCcHhg07DL7i8MzjvS2LaP7W7Pn/7uA0B5S1EnqAirJtbyw4yC5jQ5qcFjHK9l6o/MX9QisBg12kNkdHg=="],

    "@esbuild/darwin-x64": ["@esbuild/darwin-x64@0.27.0", "", { "os": "darwin", "cpu": "x64" }, "sha512-8mG6arH3yB/4ZXiEnXof5MK72dE6zM9cDvUcPtxhUZsDjESl9JipZYW60C3JGreKCEP+p8P/72r69m4AZGJd5g=="],

    "@esbuild/freebsd-arm64": ["@esbuild/freebsd-arm64@0.27.0", "", { "os": "freebsd", "cpu": "arm64" }, "sha512-9FHtyO988CwNMMOE3YIeci+UV+x5Zy8fI2qHNpsEtSF83YPBmE8UWmfYAQg6Ux7Gsmd4FejZqnEUZCMGaNQHQw=="],

    "@esbuild/freebsd-x64": ["@esbuild/freebsd-x64@0.27.0", "", { "os": "freebsd", "cpu": "x64" }, "sha512-zCMeMXI4HS/tXvJz8vWGexpZj2YVtRAihHLk1imZj4efx1BQzN76YFeKqlDr3bUWI26wHwLWPd3rwh6pe4EV7g=="],

    "@esbuild/linux-arm": ["@esbuild/linux-arm@0.27.0", "", { "os": "linux", "cpu": "arm" }, "sha512-t76XLQDpxgmq2cNXKTVEB7O7YMb42atj2Re2Haf45HkaUpjM2J0UuJZDuaGbPbamzZ7bawyGFUkodL+zcE+jvQ=="],

    "@esbuild/linux-arm64": ["@esbuild/linux-arm64@0.27.0", "", { "os": "linux", "cpu": "arm64" }, "sha512-AS18v0V+vZiLJyi/4LphvBE+OIX682Pu7ZYNsdUHyUKSoRwdnOsMf6FDekwoAFKej14WAkOef3zAORJgAtXnlQ=="],

    "@esbuild/linux-ia32": ["@esbuild/linux-ia32@0.27.0", "", { "os": "linux", "cpu": "ia32" }, "sha512-Mz1jxqm/kfgKkc/KLHC5qIujMvnnarD9ra1cEcrs7qshTUSksPihGrWHVG5+osAIQ68577Zpww7SGapmzSt4Nw=="],

    "@esbuild/linux-loong64": ["@esbuild/linux-loong64@0.27.0", "", { "os": "linux", "cpu": "none" }, "sha512-QbEREjdJeIreIAbdG2hLU1yXm1uu+LTdzoq1KCo4G4pFOLlvIspBm36QrQOar9LFduavoWX2msNFAAAY9j4BDg=="],

    "@esbuild/linux-mips64el": ["@esbuild/linux-mips64el@0.27.0", "", { "os": "linux", "cpu": "none" }, "sha512-sJz3zRNe4tO2wxvDpH/HYJilb6+2YJxo/ZNbVdtFiKDufzWq4JmKAiHy9iGoLjAV7r/W32VgaHGkk35cUXlNOg=="],

    "@esbuild/linux-ppc64": ["@esbuild/linux-ppc64@0.27.0", "", { "os": "linux", "cpu": "ppc64" }, "sha512-z9N10FBD0DCS2dmSABDBb5TLAyF1/ydVb+N4pi88T45efQ/w4ohr/F/QYCkxDPnkhkp6AIpIcQKQ8F0ANoA2JA=="],

    "@esbuild/linux-riscv64": ["@esbuild/linux-riscv64@0.27.0", "", { "os": "linux", "cpu": "none" }, "sha512-pQdyAIZ0BWIC5GyvVFn5awDiO14TkT/19FTmFcPdDec94KJ1uZcmFs21Fo8auMXzD4Tt+diXu1LW1gHus9fhFQ=="],

    "@esbuild/linux-s390x": ["@esbuild/linux-s390x@0.27.0", "", { "os": "linux", "cpu": "s390x" }, "sha512-hPlRWR4eIDDEci953RI1BLZitgi5uqcsjKMxwYfmi4LcwyWo2IcRP+lThVnKjNtk90pLS8nKdroXYOqW+QQH+w=="],

    "@esbuild/linux-x64": ["@esbuild/linux-x64@0.27.0", "", { "os": "linux", "cpu": "x64" }, "sha512-1hBWx4OUJE2cab++aVZ7pObD6s+DK4mPGpemtnAORBvb5l/g5xFGk0vc0PjSkrDs0XaXj9yyob3d14XqvnQ4gw=="],

    "@esbuild/netbsd-arm64": ["@esbuild/netbsd-arm64@0.27.0", "", { "os": "none", "cpu": "arm64" }, "sha512-6m0sfQfxfQfy1qRuecMkJlf1cIzTOgyaeXaiVaaki8/v+WB+U4hc6ik15ZW6TAllRlg/WuQXxWj1jx6C+dfy3w=="],

    "@esbuild/netbsd-x64": ["@esbuild/netbsd-x64@0.27.0", "", { "os": "none", "cpu": "x64" }, "sha512-xbbOdfn06FtcJ9d0ShxxvSn2iUsGd/lgPIO2V3VZIPDbEaIj1/3nBBe1AwuEZKXVXkMmpr6LUAgMkLD/4D2PPA=="],

    "@esbuild/openbsd-arm64": ["@esbuild/openbsd-arm64@0.27.0", "", { "os": "openbsd", "cpu": "arm64" }, "sha512-fWgqR8uNbCQ/GGv0yhzttj6sU/9Z5/Sv/VGU3F5OuXK6J6SlriONKrQ7tNlwBrJZXRYk5jUhuWvF7GYzGguBZQ=="],

    "@esbuild/openbsd-x64": ["@esbuild/openbsd-x64@0.27.0", "", { "os": "openbsd", "cpu": "x64" }, "sha512-aCwlRdSNMNxkGGqQajMUza6uXzR/U0dIl1QmLjPtRbLOx3Gy3otfFu/VjATy4yQzo9yFDGTxYDo1FfAD9oRD2A=="],

    "@esbuild/openharmony-arm64": ["@esbuild/openharmony-arm64@0.27.0", "", { "os": "none", "cpu": "arm64" }, "sha512-nyvsBccxNAsNYz2jVFYwEGuRRomqZ149A39SHWk4hV0jWxKM0hjBPm3AmdxcbHiFLbBSwG6SbpIcUbXjgyECfA=="],

    "@esbuild/sunos-x64": ["@esbuild/sunos-x64@0.27.0", "", { "os": "sunos", "cpu": "x64" }, "sha512-Q1KY1iJafM+UX6CFEL+F4HRTgygmEW568YMqDA5UV97AuZSm21b7SXIrRJDwXWPzr8MGr75fUZPV67FdtMHlHA=="],

    "@esbuild/win32-arm64": ["@esbuild/win32-arm64@0.27.0", "", { "os": "win32", "cpu": "arm64" }, "sha512-W1eyGNi6d+8kOmZIwi/EDjrL9nxQIQ0MiGqe/AWc6+IaHloxHSGoeRgDRKHFISThLmsewZ5nHFvGFWdBYlgKPg=="],

    "@esbuild/win32-ia32": ["@esbuild/win32-ia32@0.27.0", "", { "os": "win32", "cpu": "ia32" }, "sha512-30z1aKL9h22kQhilnYkORFYt+3wp7yZsHWus+wSKAJR8JtdfI76LJ4SBdMsCopTR3z/ORqVu5L1vtnHZWVj4cQ=="],

    "@esbuild/win32-x64": ["@esbuild/win32-x64@0.27.0", "", { "os": "win32", "cpu": "x64" }, "sha512-aIitBcjQeyOhMTImhLZmtxfdOcuNRpwlPNmlFKPcHQYPhEssw75Cl1TSXJXpMkzaua9FUetx/4OQKq7eJul5Cg=="],

    "@jridgewell/sourcemap-codec": ["@jridgewell/sourcemap-codec@1.5.5", "", {}, "sha512-cYQ9310grqxueWbl+WuIUIaiUaDcj7WOq5fVhEljNVgRfOUhY9fy2zTvfoqWsnebh8Sl70VScFbICvJnLKB0Og=="],

    "@next/env": ["@next/env@14.2.5", "", {}, "sha512-/zZGkrTOsraVfYjGP8uM0p6r0BDT6xWpkjdVbcz66PJVSpwXX3yNiRycxAuDfBKGWBrZBXRuK/YVlkNgxHGwmA=="],

    "@next/swc-darwin-arm64": ["@next/swc-darwin-arm64@14.2.5", "", { "os": "darwin", "cpu": "arm64" }, "sha512-/9zVxJ+K9lrzSGli1///ujyRfon/ZneeZ+v4ptpiPoOU+GKZnm8Wj8ELWU1Pm7GHltYRBklmXMTUqM/DqQ99FQ=="],

    "@next/swc-darwin-x64": ["@next/swc-darwin-x64@14.2.5", "", { "os": "darwin", "cpu": "x64" }, "sha512-vXHOPCwfDe9qLDuq7U1OYM2wUY+KQ4Ex6ozwsKxp26BlJ6XXbHleOUldenM67JRyBfVjv371oneEvYd3H2gNSA=="],

    "@next/swc-linux-arm64-gnu": ["@next/swc-linux-arm64-gnu@14.2.5", "", { "os": "linux", "cpu": "arm64" }, "sha512-vlhB8wI+lj8q1ExFW8lbWutA4M2ZazQNvMWuEDqZcuJJc78iUnLdPPunBPX8rC4IgT6lIx/adB+Cwrl99MzNaA=="],

    "@next/swc-linux-arm64-musl": ["@next/swc-linux-arm64-musl@14.2.5", "", { "os": "linux", "cpu": "arm64" }, "sha512-NpDB9NUR2t0hXzJJwQSGu1IAOYybsfeB+LxpGsXrRIb7QOrYmidJz3shzY8cM6+rO4Aojuef0N/PEaX18pi9OA=="],

    "@next/swc-linux-x64-gnu": ["@next/swc-linux-x64-gnu@14.2.5", "", { "os": "linux", "cpu": "x64" }, "sha512-8XFikMSxWleYNryWIjiCX+gU201YS+erTUidKdyOVYi5qUQo/gRxv/3N1oZFCgqpesN6FPeqGM72Zve+nReVXQ=="],

    "@next/swc-linux-x64-musl": ["@next/swc-linux-x64-musl@14.2.5", "", { "os": "linux", "cpu": "x64" }, "sha512-6QLwi7RaYiQDcRDSU/os40r5o06b5ue7Jsk5JgdRBGGp8l37RZEh9JsLSM8QF0YDsgcosSeHjglgqi25+m04IQ=="],

    "@next/swc-win32-arm64-msvc": ["@next/swc-win32-arm64-msvc@14.2.5", "", { "os": "win32", "cpu": "arm64" }, "sha512-1GpG2VhbspO+aYoMOQPQiqc/tG3LzmsdBH0LhnDS3JrtDx2QmzXe0B6mSZZiN3Bq7IOMXxv1nlsjzoS1+9mzZw=="],

    "@next/swc-win32-ia32-msvc": ["@next/swc-win32-ia32-msvc@14.2.5", "", { "os": "win32", "cpu": "ia32" }, "sha512-Igh9ZlxwvCDsu6438FXlQTHlRno4gFpJzqPjSIBZooD22tKeI4fE/YMRoHVJHmrQ2P5YL1DoZ0qaOKkbeFWeMg=="],

    "@next/swc-win32-x64-msvc": ["@next/swc-win32-x64-msvc@14.2.5", "", { "os": "win32", "cpu": "x64" }, "sha512-tEQ7oinq1/CjSG9uSTerca3v4AZ+dFa+4Yu6ihaG8Ud8ddqLQgFGcnwYls13H5X5CPDPZJdYxyeMui6muOLd4g=="],

    "@rollup/plugin-replace": ["@rollup/plugin-replace@5.0.7", "", { "dependencies": { "@rollup/pluginutils": "^5.0.1", "magic-string": "^0.30.3" }, "peerDependencies": { "rollup": "^1.20.0||^2.0.0||^3.0.0||^4.0.0" }, "optionalPeers": ["rollup"] }, "sha512-PqxSfuorkHz/SPpyngLyg5GCEkOcee9M1bkxiVDr41Pd61mqP1PLOoDPbpl44SB2mQGKwV/In74gqQmGITOhEQ=="],

    "@rollup/pluginutils": ["@rollup/pluginutils@5.4.0", "", { "dependencies": { "@types/estree": "^1.0.0", "estree-walker": "^2.0.2", "picomatch": "^4.0.2" }, "peerDependencies": { "rollup": "^1.20.0||^2.0.0||^3.0.0||^4.0.0" }, "optionalPeers": ["rollup"] }, "sha512-MfPp06CjRLfXQ3wY0R8vJDYBy/MvVcc9OulEfR0B8Iv9ko+GCNaRZ+EpJYFl27LhKsZK0o420sYCRHCjfCgeUg=="],

    "@strudel/core": ["@strudel/core@1.0.1", "", { "dependencies": { "fraction.js": "^4.3.7" } }, "sha512-4Ei55Gj5r+XCLc3L5G8YulnFvyYMZVM21NCnH6gY5NNw/dDZujucS//QoPzrp0z9zrnrIIRVxjfGnjYBdIrLbA=="],

    "@strudel/mini": ["@strudel/mini@1.0.1", "", { "dependencies": { "@strudel/core": "1.0.1" } }, "sha512-ElS5h3hppVcizm9N5e3egHzDP5eGyEqFGMPpl9EHdu+PzF/vt7uc0STxVN//vhq4A9Lrv3FTWSel5rik2AEwBg=="],

    "@strudel/tonal": ["@strudel/tonal@1.0.1", "", { "dependencies": { "@strudel/core": "1.0.1", "@tonaljs/tonal": "^4.7.2", "chord-voicings": "^0.0.1", "webmidi": "^3.1.8" } }, "sha512-XtOi0Ac+CUpOpmkqLviwaW7380LDPq/vGgSARIQu67bjv4ELUlM2OuEg8kq3XvrdnrtkikOKPqWZ+0JUmIWqPw=="],

    "@strudel/transpiler": ["@strudel/transpiler@1.0.1", "", { "dependencies": { "@strudel/core": "1.0.1", "@strudel/mini": "1.0.1", "acorn": "^8.11.3", "escodegen": "^2.1.0", "estree-walker": "^3.0.1" } }, "sha512-HeWdx6It6mq2+wqWQOMxoTIdvltiAuy6QPqEFOfOR0mausuXhygAWm+HTQ9Wg91kpNNA8bixfM+VMNfM5NcIOA=="],

    "@strudel/web": ["@strudel/web@1.0.3", "", { "dependencies": { "@rollup/plugin-replace": "^5.0.5", "@strudel/core": "1.0.1", "@strudel/mini": "1.0.1", "@strudel/tonal": "1.0.1", "@strudel/transpiler": "1.0.1", "@strudel/webaudio": "1.0.1" } }, "sha512-wWavtOcTb8B1ZipuaOZeoWj5tYNWcYW+QtvhY4yVFK1MaFqIenLLkUlPTgiJ/nciQUw/vXIg4Gk1+JMcJLwOKw=="],

    "@strudel/webaudio": ["@strudel/webaudio@1.0.1", "", { "dependencies": { "@strudel/core": "1.0.1", "superdough": "1.0.1" } }, "sha512-NpwgdBkuk4emCSn7MrGquE/g7970V3kFl0kDhQVq456vaBLbbVZUHgkG48twVhnnLDpV4Rt3Y4La+XGN3ZX5gg=="],

    "@swc/counter": ["@swc/counter@0.1.3", "", {}, "sha512-e2BR4lsJkkRlKZ/qCHPw9ZaSxc0MVUd7gtbtaB7aMvHeJVYe8sOB8DBZkP2DtISHGSku9sCK6T6cnY0CtXrOCQ=="],

    "@swc/helpers": ["@swc/helpers@0.5.5", "", { "dependencies": { "@swc/counter": "^0.1.3", "tslib": "^2.4.0" } }, "sha512-KGYxvIOXcceOAbEk4bi/dVLEK9z8sZ0uBB3Il5b1rhfClSpcX0yfRO0KmTkqR2cnQDymwLB+25ZyMzICg/cm/A=="],

    "@tonaljs/abc-notation": ["@tonaljs/abc-notation@4.9.1", "", { "dependencies": { "@tonaljs/pitch-distance": "5.0.5", "@tonaljs/pitch-note": "6.1.0" } }, "sha512-2fDUdPsFDdgZgyIiZCTYGKy30QiwIQxSXCSN2thGrSMXbQKCp8iTC8haStYcrA+25MPWhWlmvC/pz3tGcTNAqQ=="],

    "@tonaljs/array": ["@tonaljs/array@4.8.4", "", { "dependencies": { "@tonaljs/pitch-note": "6.1.0" } }, "sha512-97HVdpZy82PqNBDMM9PRSbO2DUrnxNg3++N4xqLpfby70fKHAHhTWrMXWZK+Dzs76HDPQLd+qhd4cq28eBZzjw=="],

    "@tonaljs/chord": ["@tonaljs/chord@4.10.2", "", { "dependencies": { "@tonaljs/chord-detect": "^4.8.1", "@tonaljs/chord-type": "^4.8.2", "@tonaljs/collection": "^4.8.0", "@tonaljs/core": "^4.10.0", "@tonaljs/pcset": "^4.8.2", "@tonaljs/scale-type": "^4.8.2" } }, "sha512-Zlqtq6c6T4y+EqvwHRQp9icEjHqyniCpnIwwCFg5amgAQwXmWzarouOOSmcdJ1Is92eEvcPVuCoLiVUtajS30A=="],

    "@tonaljs/chord-detect": ["@tonaljs/chord-detect@4.9.1", "", { "dependencies": { "@tonaljs/chord-type": "5.1.1", "@tonaljs/pcset": "4.10.1", "@tonaljs/pitch-note": "6.1.0" } }, "sha512-rV/9+R7aZ9cQorQ3jdNMMMh63onosglYZM71Q0n7KKcWMAGrxF66MzxBG82xy+w1QDMJQslB3iHfDHUiS6wRjA=="],

    "@tonaljs/chord-type": ["@tonaljs/chord-type@4.8.2", "", { "dependencies": { "@tonaljs/core": "^4.8.0", "@tonaljs/pcset": "^4.8.2" } }, "sha512-GzSTjQmZjkUdPhyesFDeJbxpW8R7L/bAE34E8ApGAh9FMcKYpRdX3Tn+gkluRsXOiRMfW07p3E0Adx4bjtyN+Q=="],

    "@tonaljs/collection": ["@tonaljs/collection@4.9.0", "", {}, "sha512-Mk0h7O54nT6PgNVcUYauzxa5KOB23+0AOKudWzRH7JhJIN9vhVIC7PtwZXE+/G051UTbHSFIcN/afkgF4nB/8A=="],

    "@tonaljs/core": ["@tonaljs/core@4.10.4", "", { "dependencies": { "@tonaljs/pitch": "5.0.1", "@tonaljs/pitch-distance": "5.0.2", "@tonaljs/pitch-interval": "5.0.2", "@tonaljs/pitch-note": "5.0.3" } }, "sha512-PhGlQ2Js6rFQ6CufkSiBpEJoPS8QIIhbXSXhT4U+5ffqckli+YBZRN24vjZ4AEKuX8xoYDmCCbl+r6agauvzmw=="],

    "@tonaljs/duration-value": ["@tonaljs/duration-value@4.9.0", "", {}, "sha512-Muz54HyIe0nMYKWx6wyTa4y17ma29DtpJF4/oqJphy6A124rAVDe/SKit8JGOvDYAQj71FUXqs17sXBxO/ExVw=="],

    "@tonaljs/interval": ["@tonaljs/interval@4.8.2", "", { "dependencies": { "@tonaljs/pitch": "^5.0.1", "@tonaljs/pitch-distance": "^5.0.2", "@tonaljs/pitch-interval": "^5.0.2" } }, "sha512-9SEuJuqFdmu9lnvMmJtxbReQcQvZ1YHXhCcxaF6Re23/w+BqiJvvkvNZhfWH+n1+g0uaSdTsuvMfamp7hAvPMw=="],

    "@tonaljs/key": ["@tonaljs/key@4.11.2", "", { "dependencies": { "@tonaljs/note": "4.12.1", "@tonaljs/pitch-note": "6.1.0", "@tonaljs/roman-numeral": "4.9.1" } }, "sha512-fc1y5+NwS4S3amirzYLLB324PxJDO00oIBbLJclAddc46UBeYnu4FNz+1nZboHCXRQ/06/ftuaWD/l7HrAoulw=="],

    "@tonaljs/midi": ["@tonaljs/midi@4.10.2", "", { "dependencies": { "@tonaljs/pitch-note": "6.1.0" } }, "sha512-MPamXhEwPL7L1udLfYMm3Ft8mLYtHr62Zi2w5zYHM2P7YwIvNoiX0+dvAN5is1Wvq4iVRa8AjFHerjOW/SZhGg=="],

    "@tonaljs/mode": ["@tonaljs/mode@4.9.2", "", { "dependencies": { "@tonaljs/collection": "4.9.0", "@tonaljs/interval": "5.1.0", "@tonaljs/pcset": "4.10.1", "@tonaljs/pitch-distance": "5.0.5", "@tonaljs/pitch-note": "6.1.0", "@tonaljs/scale-type": "4.9.2" } }, "sha512-Il48fWX9SnGMzwNFVbizkWkr/SJ+aCIIHhjWfSf1agrQAoq81536qBXEyEyvia6aqEXC4OaXAQ5rSoBcmQRj1Q=="],

    "@tonaljs/note": ["@tonaljs/note@4.12.1", "", { "dependencies": { "@tonaljs/midi": "4.10.2", "@tonaljs/pitch": "5.0.2", "@tonaljs/pitch-distance": "5.0.5", "@tonaljs/pitch-interval": "6.1.0", "@tonaljs/pitch-note": "6.1.0" } }, "sha512-yh6cnhu21bUb0VuIQWxObSbWBVp2cHIkJj4zZ4qsNOW4jSqn74+wHpSbOTDF8q+2hl6upz7TtBRavtqwPtLUCQ=="],

    "@tonaljs/pcset": ["@tonaljs/pcset@4.10.1", "", { "dependencies": { "@tonaljs/collection": "4.9.0", "@tonaljs/pitch": "5.0.2", "@tonaljs/pitch-distance": "5.0.5", "@tonaljs/pitch-interval": "6.1.0", "@tonaljs/pitch-note": "6.1.0" } }, "sha512-CZG1rpKc38yMfpEJsbDTvsTmQqsek9xxcuMgK64Tr6sP1lEiDuZJbQeKVWWRnreBF2FQ1cEGLmfOpvSO+40csA=="],

    "@tonaljs/pitch": ["@tonaljs/pitch@5.0.1", "", {}, "sha512-5HYkF4hGY0jS2y5V3Hf5gNFXX46kT4cAcI7JLEn+qQb9N1dU9Gz9koI9di0mD1Tbam+kviceiCsJl4WX/FqYjA=="],

    "@tonaljs/pitch-distance": ["@tonaljs/pitch-distance@5.0.5", "", { "dependencies": { "@tonaljs/pitch": "5.0.2", "@tonaljs/pitch-interval": "6.1.0", "@tonaljs/pitch-note": "6.1.0" } }, "sha512-dTfjsU0zyrj5YmiFio5prPaD5w7sBmHp4nnmlEg70nHY+SerAH0KiO9HM9usttVgRFUaXl0Gc7OI8YMGfSFmug=="],

    "@tonaljs/pitch-interval": ["@tonaljs/pitch-interval@5.0.2", "", { "dependencies": { "@tonaljs/pitch": "5.0.1" } }, "sha512-bQmxeenRFNuuABs9mDc+bSUp3ySGw8I49pHMoGDdCcro9n3MDN8IsSwhvKoGOYErFMx76rNn1t+7WL8ukpvX5w=="],

    "@tonaljs/pitch-note": ["@tonaljs/pitch-note@6.1.0", "", { "dependencies": { "@tonaljs/pitch": "5.0.2" } }, "sha512-A4OSLo8DjM38u73862LnDmL4YInDDRBmg0fojXcvu4cyU3oOlqndyeHOra1OVoH/WW46uNIxNs1wJDZNPWL5KQ=="],

    "@tonaljs/progression": ["@tonaljs/progression@4.9.2", "", { "dependencies": { "@tonaljs/chord": "6.1.2", "@tonaljs/pitch-distance": "5.0.5", "@tonaljs/pitch-interval": "6.1.0", "@tonaljs/pitch-note": "6.1.0", "@tonaljs/roman-numeral": "4.9.1" } }, "sha512-1Pmau5tKoWmY2H/fp9WVJ5Qm4c+xlu7IEZb3R3uLbc26kJq97DbuSnfArIAQoZTum2V6lOEN/Dt34E9OrGKnoA=="],

    "@tonaljs/range": ["@tonaljs/range@4.9.2", "", { "dependencies": { "@tonaljs/collection": "4.9.0", "@tonaljs/midi": "4.10.2" } }, "sha512-XhFbCJCrEEIVz3MNmdVp9QUyiJA6eqnNnQeNqto8AuT5BYuffHDoMkBmvvjPuV5Lh8zfF9D0aqglvqPbZ+neKQ=="],

    "@tonaljs/roman-numeral": ["@tonaljs/roman-numeral@4.9.1", "", { "dependencies": { "@tonaljs/pitch": "5.0.2", "@tonaljs/pitch-interval": "6.1.0", "@tonaljs/pitch-note": "6.1.0" } }, "sha512-dJGKBNHdPrNTE97ZDk4t6wpNmgYcpHyLkAvWkRP9I/HsDkeTFFQqNXosYIvspPWrFySlRpeqqFwcqV74MYoOag=="],

    "@tonaljs/scale": ["@tonaljs/scale@4.13.4", "", { "dependencies": { "@tonaljs/chord-type": "5.1.1", "@tonaljs/collection": "4.9.0", "@tonaljs/note": "4.12.1", "@tonaljs/pcset": "4.10.1", "@tonaljs/pitch-distance": "5.0.5", "@tonaljs/pitch-note": "6.1.0", "@tonaljs/scale-type": "4.9.2" } }, "sha512-hyilnmsCmoGQiRhYWKM1QPrqaNH3KGEfrSfxeXcicPnEh12yvrVRm4djKmTVw7Rc/5P4GniPAA51+CS0C5dbLw=="],

    "@tonaljs/scale-type": ["@tonaljs/scale-type@4.9.2", "", { "dependencies": { "@tonaljs/pcset": "4.10.1" } }, "sha512-XDRPySg0X6owJ6AVzVRpS4ZpgleAUQakuq5VtfQ0JitnJKGRYo5Y0w7Fl/wEz/X9aEMk2lxcdF8VGGMIsQFo0g=="],

    "@tonaljs/time-signature": ["@tonaljs/time-signature@4.9.0", "", {}, "sha512-zRo8CBqg/2guzTlF2vxyVIuB5gmwWQaxlknJPUSDII8CTdQ/x3a1LlNoMKkvTUnqwCihe3WrNPZ5XUfOOTthYA=="],

    "@tonaljs/tonal": ["@tonaljs/tonal@4.10.0", "", { "dependencies": { "@tonaljs/abc-notation": "^4.8.0", "@tonaljs/array": "^4.8.0", "@tonaljs/chord": "^4.8.0", "@tonaljs/chord-type": "^4.8.0", "@tonaljs/collection": "^4.8.0", "@tonaljs/core": "^4.8.0", "@tonaljs/duration-value": "^4.8.0", "@tonaljs/interval": "^4.8.0", "@tonaljs/key": "^4.9.0", "@tonaljs/midi": "^4.8.0", "@tonaljs/mode": "^4.8.0", "@tonaljs/note": "^4.9.0", "@tonaljs/pcset": "^4.8.0", "@tonaljs/progression": "^4.8.0", "@tonaljs/range": "^4.8.0", "@tonaljs/roman-numeral": "^4.8.0", "@tonaljs/scale": "^4.9.0", "@tonaljs/scale-type": "^4.8.0", "@tonaljs/time-signature": "^4.8.0" } }, "sha512-F2T9Fiy+j0MVped89kCrX1XF68mQOLUnny4pDOHrIf+OkrjtLQOzzaSOrX1tx0o72WUwQm1knz6D1d57b9X1HA=="],

    "@types/estree": ["@types/estree@1.0.9", "", {}, "sha512-GhdPgy1el4/ImP05X05Uw4cw2/M93BCUmnEvWZNStlCzEKME4Fkk+YpoA5OiHNQmoS7Cafb8Xa3Pya8m1Qrzeg=="],

    "@types/node": ["@types/node@20.14.12", "", { "dependencies": { "undici-types": "~5.26.4" } }, "sha512-r7wNXakLeSsGT0H1AU863vS2wa5wBOK4bWMjZz2wj+8nBx+m5PeIn0k8AloSLpRuiwdRQZwarZqHE4FNArPuJQ=="],

    "@types/prop-types": ["@types/prop-types@15.7.15", "", {}, "sha512-F6bEyamV9jKGAFBEmlQnesRPGOQqS2+Uwi0Em15xenOxHaf2hv6L8YCVn3rPdPJOiJfPiCnLIRyvwVaqMY3MIw=="],

    "@types/react": ["@types/react@18.3.3", "", { "dependencies": { "@types/prop-types": "*", "csstype": "^3.0.2" } }, "sha512-hti/R0pS0q1/xx+TsI73XIqk26eBsISZ2R0wUijXIngRK9R/e7Xw/cXVxQK7R5JjW+SV4zGcn5hXjudkN/pLIw=="],

    "@types/react-dom": ["@types/react-dom@18.3.0", "", { "dependencies": { "@types/react": "*" } }, "sha512-EhwApuTmMBmXuFOikhQLIBUn6uFg81SwLMOAUgodJF14SOBOCMdU04gDoYi0WOJJHD144TL32z4yDqCW3dnkQg=="],

    "acorn": ["acorn@8.17.0", "", { "bin": { "acorn": "bin/acorn" } }, "sha512-xRQbDb9BnwDafYNn6Vwl839DYVjqXYb1XVGtWAZ1kcDc6iwAL4hg3B1dZlRiuENFeO2H53gFG3in621AdERVAg=="],

    "busboy": ["busboy@1.6.0", "", { "dependencies": { "streamsearch": "^1.1.0" } }, "sha512-8SFQbg/0hQ9xy3UNTB0YEnsNBbWfhf7RtnzpL7TkBiTBRfrQ9Fxcnz7VJsleJpyp6rVLvXiuORqjlHi5q+PYuA=="],

    "caniuse-lite": ["caniuse-lite@1.0.30001805", "", {}, "sha512-52noaS3DubycKSXaU30TwPGIp+POyQSUVa5jBEq3vkRkY0kjyb3LQgvhU6WGyCcyXqVLWO0Cw0Q6BSdD0kUfVA=="],

    "chord-voicings": ["chord-voicings@0.0.1", "", { "dependencies": { "@tonaljs/tonal": "^4.6.5" } }, "sha512-SutgB/4ynkkuiK6qdQ/k3QvCFcH0Vj8Ch4t6LbRyRQbVzP/TOztiCk3kvXd516UZ6fqk7ijDRELEFcKN+6V8sA=="],

    "client-only": ["client-only@0.0.1", "", {}, "sha512-IV3Ou0jSMzZrd3pZ48nLkT9DA7Ag1pnPzaiQhpW7c3RbcqqzvzzVu+L8gfqMp/8IM2MQtSiqaCxrrcfu8I8rMA=="],

    "convex": ["convex@1.42.1", "", { "dependencies": { "esbuild": "0.27.0", "prettier": "^3.0.0", "ws": "8.21.0" }, "peerDependencies": { "@auth0/auth0-react": "^2.0.1", "@clerk/clerk-react": "^4.12.8 || ^5.0.0", "@clerk/react": "^6.4.3", "react": "^18.0.0 || ^19.0.0-0 || ^19.0.0" }, "optionalPeers": ["@auth0/auth0-react", "@clerk/clerk-react", "@clerk/react", "react"], "bin": { "convex": "bin/main.js" } }, "sha512-yFKp4xerVuBwQqpuTtvosOk9F/fX0twZs+Xti3oj/MlwPUU90QuhgCYo/I2wvFBAFwXsmx9tXpf2q8ekh1+3ug=="],

    "csstype": ["csstype@3.2.3", "", {}, "sha512-z1HGKcYy2xA8AGQfwrn0PAy+PB7X/GSj3UVJW9qKyn43xWa+gl5nXmU4qqLMRzWVLFC8KusUX8T/0kCiOYpAIQ=="],

    "djipevents": ["djipevents@2.0.7", "", { "dependencies": { "@babel/runtime": "^7.20.6" } }, "sha512-KNFYaU85imxOCKOUsIR70Iz9E19r96/X7LSH+u0tSoZdpWcBdzoqtTsU+wuLhc6GMpSFob+KInkZAbfKi01Bjg=="],

    "esbuild": ["esbuild@0.27.0", "", { "optionalDependencies": { "@esbuild/aix-ppc64": "0.27.0", "@esbuild/android-arm": "0.27.0", "@esbuild/android-arm64": "0.27.0", "@esbuild/android-x64": "0.27.0", "@esbuild/darwin-arm64": "0.27.0", "@esbuild/darwin-x64": "0.27.0", "@esbuild/freebsd-arm64": "0.27.0", "@esbuild/freebsd-x64": "0.27.0", "@esbuild/linux-arm": "0.27.0", "@esbuild/linux-arm64": "0.27.0", "@esbuild/linux-ia32": "0.27.0", "@esbuild/linux-loong64": "0.27.0", "@esbuild/linux-mips64el": "0.27.0", "@esbuild/linux-ppc64": "0.27.0", "@esbuild/linux-riscv64": "0.27.0", "@esbuild/linux-s390x": "0.27.0", "@esbuild/linux-x64": "0.27.0", "@esbuild/netbsd-arm64": "0.27.0", "@esbuild/netbsd-x64": "0.27.0", "@esbuild/openbsd-arm64": "0.27.0", "@esbuild/openbsd-x64": "0.27.0", "@esbuild/openharmony-arm64": "0.27.0", "@esbuild/sunos-x64": "0.27.0", "@esbuild/win32-arm64": "0.27.0", "@esbuild/win32-ia32": "0.27.0", "@esbuild/win32-x64": "0.27.0" }, "bin": { "esbuild": "bin/esbuild" } }, "sha512-jd0f4NHbD6cALCyGElNpGAOtWxSq46l9X/sWB0Nzd5er4Kz2YTm+Vl0qKFT9KUJvD8+fiO8AvoHhFvEatfVixA=="],

    "escodegen": ["escodegen@2.1.0", "", { "dependencies": { "esprima": "^4.0.1", "estraverse": "^5.2.0", "esutils": "^2.0.2" }, "optionalDependencies": { "source-map": "~0.6.1" }, "bin": { "esgenerate": "bin/esgenerate.js", "escodegen": "bin/escodegen.js" } }, "sha512-2NlIDTwUWJN0mRPQOdtQBzbUHvdGY2P1VXSyU83Q3xKxM7WHX2Ql8dKq782Q9TgQUNOLEzEYu9bzLNj1q88I5w=="],

    "esprima": ["esprima@4.0.1", "", { "bin": { "esparse": "./bin/esparse.js", "esvalidate": "./bin/esvalidate.js" } }, "sha512-eGuFFw7Upda+g4p+QHvnW0RyTX/SVeJBDM/gCtMARO0cLuT2HcEKnTPvhjV6aGeqrCB/sbNop0Kszm0jsaWU4A=="],

    "estraverse": ["estraverse@5.3.0", "", {}, "sha512-MMdARuVEQziNTeJD8DgMqmhwR11BRQ/cBP+pLtYdSTnf3MIO8fFeiINEbX36ZdNlfU/7A9f3gUw49B3oQsvwBA=="],

    "estree-walker": ["estree-walker@3.0.3", "", { "dependencies": { "@types/estree": "^1.0.0" } }, "sha512-7RUKfXgSMMkzt6ZuXmqapOurLGPPfgj6l9uRZ7lRGolvk0y2yocc35LdcxKC5PQZdn2DMqioAQ2NoWcrTKmm6g=="],

    "esutils": ["esutils@2.0.3", "", {}, "sha512-kVscqXk4OCp68SZ0dkgEKVi6/8ij300KBWTJq32P/dYeWTSwK41WyTxalN1eRmA5Z9UU/LX9D7FWSmV9SAYx6g=="],

    "fraction.js": ["fraction.js@4.3.7", "", {}, "sha512-ZsDfxO51wGAXREY55a7la9LScWpwv9RxIrYABrlvOFBlH/ShPnrtsXeuUIfXKKOVicNxQ+o8JTbJvjS4M89yew=="],

    "graceful-fs": ["graceful-fs@4.2.11", "", {}, "sha512-RbJ5/jmFcNNCcDV5o9eTnBLJ/HszWV0P73bc+Ff4nS/rJj+YaS6IGyiOL0VoBYX+l1Wrl3k63h/KrH+nhJ0XvQ=="],

    "jazz-midi": ["jazz-midi@1.7.9", "", {}, "sha512-c8c4BBgwxdsIr1iVm53nadCrtH7BUlnX3V95ciK/gbvXN/ndE5+POskBalXgqlc/r9p2XUbdLTrgrC6fou5p9w=="],

    "js-tokens": ["js-tokens@4.0.0", "", {}, "sha512-RdJUflcE3cUzKiMqQgsCu06FPu9UdIJO0beYbPhHN4k6apgJtifcoCtT9bcxOpYBtpD2kCM6Sbzg4CausW/PKQ=="],

    "jzz": ["jzz@1.9.6", "", { "dependencies": { "jazz-midi": "^1.7.9" } }, "sha512-J7ENLhXwfm2BNDKRUrL8eKtPhUS/CtMBpiafxQHDBcOWSocLhearDKEdh+ylnZFcr5OXWTed0gj6l/txeQA9vg=="],

    "loose-envify": ["loose-envify@1.4.0", "", { "dependencies": { "js-tokens": "^3.0.0 || ^4.0.0" }, "bin": { "loose-envify": "cli.js" } }, "sha512-lyuxPGr/Wfhrlem2CL/UcnUc1zcqKAImBDzukY7Y5F/yQiNdko6+fRLevlw1HgMySw7f611UIY408EtxRSoK3Q=="],

    "magic-string": ["magic-string@0.30.21", "", { "dependencies": { "@jridgewell/sourcemap-codec": "^1.5.5" } }, "sha512-vd2F4YUyEXKGcLHoq+TEyCjxueSeHnFxyyjNp80yg0XV4vUhnDer/lvvlqM/arB5bXQN5K2/3oinyCRyx8T2CQ=="],

    "nanoid": ["nanoid@3.3.15", "", { "bin": { "nanoid": "bin/nanoid.cjs" } }, "sha512-y7Wygv/7mEOvxTuEQDB8StXdMRBWf1kR/tlhAzBRUFkB2jfcLOAxO/SHmOO2zgz1pVgK29/kyupn059/bCHdjA=="],

    "nanostores": ["nanostores@0.9.5", "", {}, "sha512-Z+p+g8E7yzaWwOe5gEUB2Ox0rCEeXWYIZWmYvw/ajNYX8DlXdMvMDj8DWfM/subqPAcsf8l8Td4iAwO1DeIIRQ=="],

    "next": ["next@14.2.5", "", { "dependencies": { "@next/env": "14.2.5", "@swc/helpers": "0.5.5", "busboy": "1.6.0", "caniuse-lite": "^1.0.30001579", "graceful-fs": "^4.2.11", "postcss": "8.4.31", "styled-jsx": "5.1.1" }, "optionalDependencies": { "@next/swc-darwin-arm64": "14.2.5", "@next/swc-darwin-x64": "14.2.5", "@next/swc-linux-arm64-gnu": "14.2.5", "@next/swc-linux-arm64-musl": "14.2.5", "@next/swc-linux-x64-gnu": "14.2.5", "@next/swc-linux-x64-musl": "14.2.5", "@next/swc-win32-arm64-msvc": "14.2.5", "@next/swc-win32-ia32-msvc": "14.2.5", "@next/swc-win32-x64-msvc": "14.2.5" }, "peerDependencies": { "@opentelemetry/api": "^1.1.0", "@playwright/test": "^1.41.2", "react": "^18.2.0", "react-dom": "^18.2.0", "sass": "^1.3.0" }, "optionalPeers": ["@opentelemetry/api", "@playwright/test", "sass"], "bin": { "next": "dist/bin/next" } }, "sha512-0f8aRfBVL+mpzfBjYfQuLWh2WyAwtJXCRfkPF4UJ5qd2YwrHczsrSzXU4tRMV0OAxR8ZJZWPFn6uhSC56UTsLA=="],

    "picocolors": ["picocolors@1.1.1", "", {}, "sha512-xceH2snhtb5M9liqDsmEw56le376mTZkEX/jEb/RxNFyegNul7eNslCXP9FDj/Lcu0X8KEyMceP2ntpaHrDEVA=="],

    "picomatch": ["picomatch@4.0.5", "", {}, "sha512-RvwwcruNjI1ncT5xRakeyS9Lf8lcItv34KD+aif+VH9kduAyfYBipGh12274xtenIPZ119/R9BdTBa8gAwSh0A=="],

    "postcss": ["postcss@8.4.31", "", { "dependencies": { "nanoid": "^3.3.6", "picocolors": "^1.0.0", "source-map-js": "^1.0.2" } }, "sha512-PS08Iboia9mts/2ygV3eLpY5ghnUcfLV/EXTOW1E2qYxJKGGBUtNjN76FYHnMs36RmARn41bC0AZmn+rR0OVpQ=="],

    "prettier": ["prettier@3.9.5", "", { "bin": { "prettier": "bin/prettier.cjs" } }, "sha512-/FVl766LpUfB5vXgCYOYa0MeV/441Ia99AeICQIQFTY/Nw0roZwULcXpku5i1/m5kt/baz+s4Zogspd839HSMg=="],

    "react": ["react@18.3.1", "", { "dependencies": { "loose-envify": "^1.1.0" } }, "sha512-wS+hAgJShR0KhEvPJArfuPVN1+Hz1t0Y6n5jLrGQbkb4urgPE/0Rve+1kMB1v/oWgHgm4WIcV+i7F2pTVj+2iQ=="],

    "react-dom": ["react-dom@18.3.1", "", { "dependencies": { "loose-envify": "^1.1.0", "scheduler": "^0.23.2" }, "peerDependencies": { "react": "^18.3.1" } }, "sha512-5m4nQKp+rZRb09LNH59GM4BxTh9251/ylbKIbpe7TpGxfJ+9kv6BLkLBXIjjspbgbnIBNqlI23tRnTWT0snUIw=="],

    "scheduler": ["scheduler@0.23.2", "", { "dependencies": { "loose-envify": "^1.1.0" } }, "sha512-UOShsPwz7NrMUqhR6t0hWjFduvOzbtv7toDH1/hIrfRNIDBnnBWd0CwJTGvTpngVlmwGCdP9/Zl/tVrDqcuYzQ=="],

    "source-map": ["source-map@0.6.1", "", {}, "sha512-UjgapumWlbMhkBgzT7Ykc5YXUT46F0iKu8SGXq0bcwP5dz/h0Plj6enJqjz1Zbq2l5WaqYnrVbwWOWMyF3F47g=="],

    "source-map-js": ["source-map-js@1.2.1", "", {}, "sha512-UXWMKhLOwVKb728IUtQPXxfYU+usdybtUrK/8uGE8CQMvrhOpwvzDBwj0QhSL7MQc7vIsISBG8VQ8+IDQxpfQA=="],

    "streamsearch": ["streamsearch@1.1.0", "", {}, "sha512-Mcc5wHehp9aXz1ax6bZUyY5afg9u2rv5cqQI3mRrYkGC8rW2hM02jWuwjtL++LS5qinSyhj2QfLyNsuc+VsExg=="],

    "styled-jsx": ["styled-jsx@5.1.1", "", { "dependencies": { "client-only": "0.0.1" }, "peerDependencies": { "react": ">= 16.8.0 || 17.x.x || ^18.0.0-0" } }, "sha512-pW7uC1l4mBZ8ugbiZrcIsiIvVx1UmTfw7UkC3Um2tmfUq9Bhk8IiyEIPl6F8agHgjzku6j0xQEZbfA5uSgSaCw=="],

    "superdough": ["superdough@1.0.1", "", { "dependencies": { "nanostores": "^0.9.5" } }, "sha512-gfTbgOfFamhQzHitG2SW6QhW9c1WoFWHsQ8RpO/HTTXc1My0nDL1w5qQ38fqZ/EjIRy/YykDzdwxWYFaxG7X5w=="],

    "tslib": ["tslib@2.8.1", "", {}, "sha512-oJFu94HQb+KVduSUQL7wnpmqnfmLsOA/nAh6b6EH0wCEoK0/mPeXU6c3wKDV83MkOuHPRHtSXKKU99IBazS/2w=="],

    "typescript": ["typescript@5.5.4", "", { "bin": { "tsc": "bin/tsc", "tsserver": "bin/tsserver" } }, "sha512-Mtq29sKDAEYP7aljRgtPOpTvOfbwRWlS6dPRzwjdE+C0R4brX/GUyhHSecbHMFLNBLcJIPt9nl9yG5TZ1weH+Q=="],

    "undici-types": ["undici-types@5.26.5", "", {}, "sha512-JlCMO+ehdEIKqlFxk6IfVoAUVmgz7cU7zD/h9XZ0qzeosSHmUJVOzSQvvYSYWXkFXC+IfLKSIffhv0sVZup6pA=="],

    "webmidi": ["webmidi@3.1.16", "", { "dependencies": { "djipevents": "^2.0.7" }, "optionalDependencies": { "jzz": "^1.8.5" } }, "sha512-I6NnCfBUXNbV8q6EU+DPtr1u1EgjzDrFKHQQS2OgaHzcuQRFhRHgogfKpKSpxD0IgXhZHz8+k/OpGfZoWbvWAQ=="],

    "ws": ["ws@8.21.0", "", { "peerDependencies": { "bufferutil": "^4.0.1", "utf-8-validate": ">=5.0.2" }, "optionalPeers": ["bufferutil", "utf-8-validate"] }, "sha512-Vsp28b7DRcimFQvrqu2Wek3z1iYxDCWqHYB8Qsnk/S4RfaCQzPGPyBNuVjJV3cd6UiKtUtp6sNM77gWvzcCH+g=="],

    "@rollup/pluginutils/estree-walker": ["estree-walker@2.0.2", "", {}, "sha512-Rfkk/Mp/DL7JVje3u18FxFujQlTNR2q6QfMSMB7AvCBx91NGj/ba3kCfza0f6dVDbw7YlRf/nDrn7pQrCCyQ/w=="],

    "@tonaljs/chord-detect/@tonaljs/chord-type": ["@tonaljs/chord-type@5.1.1", "", { "dependencies": { "@tonaljs/pcset": "4.10.1" } }, "sha512-ti4WzRYvvjH7to0G3zlJFq7WsjHqmcqbk8Jv98aZSR5YumLdY/ua2yOPPyoPq82n6vfgjZsacnAZ3v8/SodOcw=="],

    "@tonaljs/core/@tonaljs/pitch-distance": ["@tonaljs/pitch-distance@5.0.2", "", { "dependencies": { "@tonaljs/pitch": "5.0.1", "@tonaljs/pitch-interval": "5.0.2", "@tonaljs/pitch-note": "5.0.3" } }, "sha512-DPxfGJCf4BvfIVRxl2v142tuCKIziM6PomOBT0/s7U5o+Z5qFAIW0tNx/MKyL83guV74p+XIf5VI0w1flmXxDA=="],

    "@tonaljs/core/@tonaljs/pitch-note": ["@tonaljs/pitch-note@5.0.3", "", { "dependencies": { "@tonaljs/pitch": "5.0.1" } }, "sha512-JsPgqPa8VZdZtfwvgoHJz996BZqzvlnRxUF6c/Q9q8E0iq30UHBEid0Y6XldK+h6tuIENsG3a9jyvNNxRqIeYw=="],

    "@tonaljs/interval/@tonaljs/pitch": ["@tonaljs/pitch@5.0.2", "", {}, "sha512-mxaXJPPe+LIJdjzpZEl8I8Wx3dEvlzkBbsr2Ltwc2dTAdnErAZ5R0TxVq2egF27lMvQN2QPQPWI9iDPPdVUmrg=="],

    "@tonaljs/mode/@tonaljs/interval": ["@tonaljs/interval@5.1.0", "", { "dependencies": { "@tonaljs/pitch": "^5.0.2", "@tonaljs/pitch-distance": "^5.0.4", "@tonaljs/pitch-interval": "^6.0.0" } }, "sha512-GR9dUjn0j7yhjwjRh8HQxZYXOiVl05WfY3AFyMB9rfg807K4dSJmWfPTULPQXyHJ6NiZOPXcwRs8MxMLDxgdbg=="],

    "@tonaljs/note/@tonaljs/pitch": ["@tonaljs/pitch@5.0.2", "", {}, "sha512-mxaXJPPe+LIJdjzpZEl8I8Wx3dEvlzkBbsr2Ltwc2dTAdnErAZ5R0TxVq2egF27lMvQN2QPQPWI9iDPPdVUmrg=="],

    "@tonaljs/note/@tonaljs/pitch-interval": ["@tonaljs/pitch-interval@6.1.0", "", { "dependencies": { "@tonaljs/pitch": "5.0.2" } }, "sha512-9ZMxA7V4UgySnOKPIG6HECzhDb8mbiTCIdNNIzCIfz5XpjUmohku2YZpVVWMacLHgyeQicJzNoRiPel5oSAn4A=="],

    "@tonaljs/pcset/@tonaljs/pitch": ["@tonaljs/pitch@5.0.2", "", {}, "sha512-mxaXJPPe+LIJdjzpZEl8I8Wx3dEvlzkBbsr2Ltwc2dTAdnErAZ5R0TxVq2egF27lMvQN2QPQPWI9iDPPdVUmrg=="],

    "@tonaljs/pcset/@tonaljs/pitch-interval": ["@tonaljs/pitch-interval@6.1.0", "", { "dependencies": { "@tonaljs/pitch": "5.0.2" } }, "sha512-9ZMxA7V4UgySnOKPIG6HECzhDb8mbiTCIdNNIzCIfz5XpjUmohku2YZpVVWMacLHgyeQicJzNoRiPel5oSAn4A=="],

    "@tonaljs/pitch-distance/@tonaljs/pitch": ["@tonaljs/pitch@5.0.2", "", {}, "sha512-mxaXJPPe+LIJdjzpZEl8I8Wx3dEvlzkBbsr2Ltwc2dTAdnErAZ5R0TxVq2egF27lMvQN2QPQPWI9iDPPdVUmrg=="],

    "@tonaljs/pitch-distance/@tonaljs/pitch-interval": ["@tonaljs/pitch-interval@6.1.0", "", { "dependencies": { "@tonaljs/pitch": "5.0.2" } }, "sha512-9ZMxA7V4UgySnOKPIG6HECzhDb8mbiTCIdNNIzCIfz5XpjUmohku2YZpVVWMacLHgyeQicJzNoRiPel5oSAn4A=="],

    "@tonaljs/pitch-note/@tonaljs/pitch": ["@tonaljs/pitch@5.0.2", "", {}, "sha512-mxaXJPPe+LIJdjzpZEl8I8Wx3dEvlzkBbsr2Ltwc2dTAdnErAZ5R0TxVq2egF27lMvQN2QPQPWI9iDPPdVUmrg=="],

    "@tonaljs/progression/@tonaljs/chord": ["@tonaljs/chord@6.1.2", "", { "dependencies": { "@tonaljs/chord-detect": "4.9.1", "@tonaljs/chord-type": "5.1.1", "@tonaljs/collection": "4.9.0", "@tonaljs/interval": "^5.1.0", "@tonaljs/pcset": "4.10.1", "@tonaljs/pitch-distance": "5.0.5", "@tonaljs/pitch-note": "6.1.0", "@tonaljs/scale-type": "4.9.2" } }, "sha512-39crsPVyBJxdGJ1DGl+4diM+6+mZ/ws6crkQMlqX4zTYHMUVfJOQrko4mPF1CD89AFhHJe1zCT9Js+nNp3Gffg=="],

    "@tonaljs/progression/@tonaljs/pitch-interval": ["@tonaljs/pitch-interval@6.1.0", "", { "dependencies": { "@tonaljs/pitch": "5.0.2" } }, "sha512-9ZMxA7V4UgySnOKPIG6HECzhDb8mbiTCIdNNIzCIfz5XpjUmohku2YZpVVWMacLHgyeQicJzNoRiPel5oSAn4A=="],

    "@tonaljs/roman-numeral/@tonaljs/pitch": ["@tonaljs/pitch@5.0.2", "", {}, "sha512-mxaXJPPe+LIJdjzpZEl8I8Wx3dEvlzkBbsr2Ltwc2dTAdnErAZ5R0TxVq2egF27lMvQN2QPQPWI9iDPPdVUmrg=="],

    "@tonaljs/roman-numeral/@tonaljs/pitch-interval": ["@tonaljs/pitch-interval@6.1.0", "", { "dependencies": { "@tonaljs/pitch": "5.0.2" } }, "sha512-9ZMxA7V4UgySnOKPIG6HECzhDb8mbiTCIdNNIzCIfz5XpjUmohku2YZpVVWMacLHgyeQicJzNoRiPel5oSAn4A=="],

    "@tonaljs/scale/@tonaljs/chord-type": ["@tonaljs/chord-type@5.1.1", "", { "dependencies": { "@tonaljs/pcset": "4.10.1" } }, "sha512-ti4WzRYvvjH7to0G3zlJFq7WsjHqmcqbk8Jv98aZSR5YumLdY/ua2yOPPyoPq82n6vfgjZsacnAZ3v8/SodOcw=="],

    "@tonaljs/mode/@tonaljs/interval/@tonaljs/pitch": ["@tonaljs/pitch@5.0.2", "", {}, "sha512-mxaXJPPe+LIJdjzpZEl8I8Wx3dEvlzkBbsr2Ltwc2dTAdnErAZ5R0TxVq2egF27lMvQN2QPQPWI9iDPPdVUmrg=="],

    "@tonaljs/mode/@tonaljs/interval/@tonaljs/pitch-interval": ["@tonaljs/pitch-interval@6.1.0", "", { "dependencies": { "@tonaljs/pitch": "5.0.2" } }, "sha512-9ZMxA7V4UgySnOKPIG6HECzhDb8mbiTCIdNNIzCIfz5XpjUmohku2YZpVVWMacLHgyeQicJzNoRiPel5oSAn4A=="],

    "@tonaljs/progression/@tonaljs/chord/@tonaljs/chord-type": ["@tonaljs/chord-type@5.1.1", "", { "dependencies": { "@tonaljs/pcset": "4.10.1" } }, "sha512-ti4WzRYvvjH7to0G3zlJFq7WsjHqmcqbk8Jv98aZSR5YumLdY/ua2yOPPyoPq82n6vfgjZsacnAZ3v8/SodOcw=="],

    "@tonaljs/progression/@tonaljs/chord/@tonaljs/interval": ["@tonaljs/interval@5.1.0", "", { "dependencies": { "@tonaljs/pitch": "^5.0.2", "@tonaljs/pitch-distance": "^5.0.4", "@tonaljs/pitch-interval": "^6.0.0" } }, "sha512-GR9dUjn0j7yhjwjRh8HQxZYXOiVl05WfY3AFyMB9rfg807K4dSJmWfPTULPQXyHJ6NiZOPXcwRs8MxMLDxgdbg=="],

    "@tonaljs/progression/@tonaljs/pitch-interval/@tonaljs/pitch": ["@tonaljs/pitch@5.0.2", "", {}, "sha512-mxaXJPPe+LIJdjzpZEl8I8Wx3dEvlzkBbsr2Ltwc2dTAdnErAZ5R0TxVq2egF27lMvQN2QPQPWI9iDPPdVUmrg=="],

    "@tonaljs/progression/@tonaljs/chord/@tonaljs/interval/@tonaljs/pitch": ["@tonaljs/pitch@5.0.2", "", {}, "sha512-mxaXJPPe+LIJdjzpZEl8I8Wx3dEvlzkBbsr2Ltwc2dTAdnErAZ5R0TxVq2egF27lMvQN2QPQPWI9iDPPdVUmrg=="],
  }
}
